<?xml version="1.0" encoding="utf-8"?>
<Project ToolsVersion="4.0" xmlns="http://schemas.microsoft.com/developer/msbuild/2003">
  <ItemGroup>
    <ClCompile Include="main.cpp" />
    <ClCompile Include="..\Codes\MainGame.cpp">
      <Filter>01. MainGame</Filter>
    </ClCompile>
    <ClCompile Include="..\Codes\TestScene.cpp">
      <Filter>02. Scene</Filter>
    </ClCompile>
    <ClCompile Include="..\Codes\Zero.cpp">
      <Filter>03. GameObject\Player</Filter>
    </ClCompile>
    <ClCompile Include="..\Codes\Grid.cpp">
      <Filter>03. GameObject\GridObject\Grid</Filter>
    </ClCompile>
    <ClCompile Include="..\Codes\Tile.cpp">
      <Filter>03. GameObject\GridObject\Tile</Filter>
    </ClCompile>
    <ClCompile Include="..\Codes\Map.cpp">
      <Filter>03. GameObject\GridObject\Map</Filter>
    </ClCompile>
    <ClCompile Include="..\Codes\UI.cpp">
      <Filter>05. UI</Filter>
    </ClCompile>
    <ClCompile Include="..\Codes\Card.cpp">
      <Filter>03. GameObject\Card</Filter>
    </ClCompile>
    <ClCompile Include="..\Codes\GridMovement.cpp">
      <Filter>03. GameObject\GridMovement</Filter>
    </ClCompile>
    <ClCompile Include="..\Codes\Button.cpp">
      <Filter>03. GameObject\UIObject\Button</Filter>
    </ClCompile>
    <ClCompile Include="..\Codes\GridInfo.cpp">
      <Filter>03. GameObject\GridObject\GridInfo</Filter>
    </ClCompile>
    <ClCompile Include="..\Codes\Obstacle.cpp">
      <Filter>03. GameObject\GridObject\Obstacle</Filter>
    </ClCompile>
    <ClCompile Include="..\Codes\ObstacleScript.cpp">
      <Filter>03. GameObject\GridObject\Obstacle\Script</Filter>
    </ClCompile>
    <ClCompile Include="..\Codes\CardManager.cpp">
      <Filter>06. Manager\Card</Filter>
    </ClCompile>
    <ClCompile Include="..\Codes\DataManager.cpp">
      <Filter>06. Manager\Data</Filter>
    </ClCompile>
    <ClCompile Include="..\Codes\Enemy.cpp">
      <Filter>03. GameObject\Enemy</Filter>
    </ClCompile>
    <ClCompile Include="..\Codes\TestEnemy.cpp">
      <Filter>03. GameObject\Enemy</Filter>
    </ClCompile>
    <ClCompile Include="..\Codes\Mouse.cpp">
      <Filter>03. GameObject\Mouse</Filter>
    </ClCompile>
    <ClCompile Include="..\Codes\TitleScene.cpp">
      <Filter>02. Scene\Title</Filter>
    </ClCompile>
    <ClCompile Include="..\Codes\CutScene.cpp">
      <Filter>02. Scene\Cut</Filter>
    </ClCompile>
    <ClCompile Include="..\Codes\SelectScene.cpp">
      <Filter>02. Scene\SelectStage</Filter>
    </ClCompile>
    <ClCompile Include="..\Codes\DeckSystem.cpp">
      <Filter>05. UI\Interaction\Deck</Filter>
    </ClCompile>
    <ClCompile Include="..\Codes\UIComponent.cpp">
      <Filter>05. UI</Filter>
    </ClCompile>
    <ClCompile Include="..\Codes\Player.cpp">
      <Filter>03. GameObject\Player\Script\Player</Filter>
    </ClCompile>
    <ClCompile Include="..\Codes\PlayerMP.cpp">
      <Filter>03. GameObject\Player\Script\MP</Filter>
    </ClCompile>
    <ClCompile Include="..\Codes\TitleButtons.cpp">
      <Filter>05. UI\Interaction\Button</Filter>
    </ClCompile>
    <ClCompile Include="..\Codes\TimerSystem.cpp">
      <Filter>03. GameObject\Player\Script\Timer</Filter>
    </ClCompile>
    <ClCompile Include="..\Codes\Stage2Scene.cpp">
      <Filter>02. Scene\MainStage</Filter>
    </ClCompile>
    <ClCompile Include="..\Codes\Stage3Scene.cpp">
      <Filter>02. Scene\MainStage</Filter>
    </ClCompile>
    <ClCompile Include="..\Codes\Stage4Scene.cpp">
      <Filter>02. Scene\MainStage</Filter>
    </ClCompile>
    <ClCompile Include="..\Codes\Stage1Scene.cpp">
      <Filter>02. Scene\MainStage</Filter>
    </ClCompile>
    <ClCompile Include="..\Codes\HPHUD.cpp">
      <Filter>05. UI\HUD</Filter>
    </ClCompile>
    <ClCompile Include="..\Codes\SelectButtons.cpp">
      <Filter>05. UI\Interaction\Button</Filter>
    </ClCompile>
    <ClCompile Include="..\Codes\CreditHUD.cpp">
      <Filter>05. UI\HUD</Filter>
    </ClCompile>
    <ClCompile Include="..\Codes\InfoHUD.cpp">
      <Filter>05. UI\HUD</Filter>
    </ClCompile>
    <ClCompile Include="..\Codes\Pannel.cpp">
      <Filter>03. GameObject\Pannel</Filter>
    </ClCompile>
    <ClCompile Include="..\Codes\DefaultStageScene.cpp">
      <Filter>02. Scene\MainStage\DefaultStage</Filter>
    </ClCompile>
    <ClCompile Include="..\Codes\TimerHUD.cpp">
      <Filter>05. UI\HUD</Filter>
    </ClCompile>
    <ClCompile Include="..\Codes\HP.cpp">
      <Filter>04. Component\HP</Filter>
    </ClCompile>
    <ClCompile Include="..\Codes\GameOverHUD.cpp">
      <Filter>05. UI\HUD</Filter>
    </ClCompile>
    <ClCompile Include="..\Codes\GameClearHUD.cpp">
      <Filter>05. UI\HUD</Filter>
    </ClCompile>
    <ClCompile Include="..\Codes\GameClearButtons.cpp">
      <Filter>05. UI\Interaction\Button</Filter>
    </ClCompile>
    <ClCompile Include="..\Codes\GameOverButtons.cpp">
      <Filter>05. UI\Interaction\Button</Filter>
    </ClCompile>
    <ClCompile Include="..\Codes\Effect.cpp">
      <Filter>04. Component\Effect</Filter>
    </ClCompile>
    <ClCompile Include="..\Codes\Fade.cpp">
      <Filter>04. Component\Effect</Filter>
    </ClCompile>
    <ClCompile Include="..\Codes\AdditiveState.cpp">
      <Filter>04. Component\AdditiveState</Filter>
    </ClCompile>
    <ClCompile Include="..\Codes\CardSystem.cpp">
      <Filter>03. GameObject\Player\Script\CardSystem</Filter>
    </ClCompile>
    <ClCompile Include="..\Codes\ToolTip.cpp">
      <Filter>05. UI\ToolTip</Filter>
    </ClCompile>
    <ClCompile Include="..\Codes\CombatEvent.cpp">
      <Filter>04. Component\Combat</Filter>
    </ClCompile>
    <ClCompile Include="..\Codes\Defense.cpp">
      <Filter>03. GameObject\GridObject\Defense</Filter>
    </ClCompile>
    <ClCompile Include="..\Codes\DefenseScript.cpp">
      <Filter>03. GameObject\GridObject\Defense\Script</Filter>
    </ClCompile>
    <ClCompile Include="..\Codes\GageHUD.cpp">
      <Filter>05. UI\HUD</Filter>
    </ClCompile>
    <ClCompile Include="..\Codes\CardEffect.cpp">
      <Filter>03. GameObject\Card\Effect</Filter>
    </ClCompile>
    <ClCompile Include="..\Codes\GridEffect.cpp">
      <Filter>04. Component\GridEffect</Filter>
    </ClCompile>
    <ClCompile Include="..\Codes\Astar.cpp">
      <Filter>03. GameObject\Enemy\Astar</Filter>
    </ClCompile>
    <ClCompile Include="..\Codes\TopHUD.cpp">
      <Filter>05. UI\HUD</Filter>
    </ClCompile>
    <ClCompile Include="..\Codes\EnemySpawner.cpp">
      <Filter>03. GameObject\Enemy\Spawner</Filter>
    </ClCompile>
    <ClCompile Include="..\Codes\SpawnEnemy.cpp">
      <Filter>03. GameObject\Enemy\Spawner\Script</Filter>
    </ClCompile>
    <ClCompile Include="..\Codes\DefaultEnemy.cpp">
      <Filter>03. GameObject\Enemy\Default</Filter>
    </ClCompile>
    <ClCompile Include="..\Codes\MPHUD.cpp">
      <Filter>05. UI\HUD</Filter>
    </ClCompile>
    <ClCompile Include="..\Codes\DefaultEnemyScript.cpp">
      <Filter>03. GameObject\Enemy\Default\Script</Filter>
    </ClCompile>
    <ClCompile Include="..\Codes\DefaultEnemyState.cpp">
      <Filter>03. GameObject\Enemy\Default\State</Filter>
    </ClCompile>
    <ClCompile Include="..\Codes\DefaultEnemyIdle.cpp">
      <Filter>03. GameObject\Enemy\Default\State\Idle</Filter>
    </ClCompile>
    <ClCompile Include="..\Codes\DefaultEnemyWeakAttack.cpp">
      <Filter>03. GameObject\Enemy\Default\State\WeakAttack</Filter>
    </ClCompile>
    <ClCompile Include="..\Codes\JobQueue.cpp">
      <Filter>03. GameObject\Player\Script\JobQueue</Filter>
    </ClCompile>
    <ClCompile Include="..\Codes\DefaultEnemyStrongAttack.cpp">
      <Filter>03. GameObject\Enemy\Default\State\StrongAttack</Filter>
    </ClCompile>
    <ClCompile Include="..\Codes\RangeEnemyIdle.cpp">
      <Filter>03. GameObject\Enemy\Range\State\Idle</Filter>
    </ClCompile>
    <ClCompile Include="..\Codes\RangeEnemyForwardMove.cpp">
      <Filter>03. GameObject\Enemy\Range\State\ForwardMove</Filter>
    </ClCompile>
    <ClCompile Include="..\Codes\RangeEnemyBackMove.cpp">
      <Filter>03. GameObject\Enemy\Range\State\BackMove</Filter>
    </ClCompile>
    <ClCompile Include="..\Codes\RangeEnemyAttack.cpp">
      <Filter>03. GameObject\Enemy\Range\State\Attack</Filter>
    </ClCompile>
    <ClCompile Include="..\Codes\RangeEnemySupport.cpp">
      <Filter>03. GameObject\Enemy\Range\State\Support</Filter>
    </ClCompile>
    <ClCompile Include="..\Codes\RangeEnemyScript.cpp">
      <Filter>03. GameObject\Enemy\Range\Script</Filter>
    </ClCompile>
    <ClCompile Include="..\Codes\RangeEnemy.cpp">
      <Filter>03. GameObject\Enemy\Range</Filter>
    </ClCompile>
    <ClCompile Include="..\Codes\DefaultEnemyMove.cpp">
      <Filter>03. GameObject\Enemy\Default\State\Move</Filter>
    </ClCompile>
    <ClCompile Include="..\Codes\RangeEnemyState.cpp">
      <Filter>03. GameObject\Enemy\Range\State</Filter>
    </ClCompile>
    <ClCompile Include="..\Codes\AttackCollider.cpp">
      <Filter>04. Component\AttackCollider</Filter>
    </ClCompile>
  </ItemGroup>
  <ItemGroup>
    <Filter Include="01. MainGame">
      <UniqueIdentifier>{c540cb03-00f7-420e-83ec-ca6c40748dfb}</UniqueIdentifier>
    </Filter>
    <Filter Include="99. Headers">
      <UniqueIdentifier>{c7a68a95-2013-4228-8b55-099f8362aee9}</UniqueIdentifier>
    </Filter>
    <Filter Include="02. Scene">
      <UniqueIdentifier>{2d66ce49-3944-485e-b294-9faa8c293780}</UniqueIdentifier>
    </Filter>
    <Filter Include="03. GameObject">
      <UniqueIdentifier>{02ed2ac6-d1c6-4f27-a3c5-91c4d8ec03f0}</UniqueIdentifier>
    </Filter>
    <Filter Include="03. GameObject\Player">
      <UniqueIdentifier>{026210b6-8397-4b75-9a10-b9c3628a932a}</UniqueIdentifier>
    </Filter>
    <Filter Include="03. GameObject\Player\Script">
      <UniqueIdentifier>{51d621c7-0648-42e3-b7cf-53eaa1222e74}</UniqueIdentifier>
    </Filter>
    <Filter Include="03. GameObject\GridObject">
      <UniqueIdentifier>{6f005d45-7c21-4a38-8b6a-e82054bbb8ff}</UniqueIdentifier>
    </Filter>
    <Filter Include="03. GameObject\GridObject\Grid">
      <UniqueIdentifier>{3593870c-7ced-4b07-9e64-8c04a4506453}</UniqueIdentifier>
    </Filter>
    <Filter Include="03. GameObject\GridObject\Tile">
      <UniqueIdentifier>{409166b9-bc05-47e6-bc7f-3df619ac18e8}</UniqueIdentifier>
    </Filter>
    <Filter Include="03. GameObject\GridObject\Map">
      <UniqueIdentifier>{2b9cd7f9-af6a-4c99-9646-fbd3cb0d5e52}</UniqueIdentifier>
    </Filter>
    <Filter Include="03. GameObject\Card">
      <UniqueIdentifier>{b299a1c5-bc2b-4d49-a1d0-707d09b087b6}</UniqueIdentifier>
    </Filter>
    <Filter Include="03. GameObject\UIObject">
      <UniqueIdentifier>{e51e9a94-3c56-465c-9e57-ad0415818ac3}</UniqueIdentifier>
    </Filter>
    <Filter Include="03. GameObject\UIObject\Button">
      <UniqueIdentifier>{54256269-2a04-4f39-bd60-dc0d4d1c44ea}</UniqueIdentifier>
    </Filter>
    <Filter Include="03. GameObject\GridMovement">
      <UniqueIdentifier>{edfc42df-a7d1-4261-a91e-cc2fd71811d6}</UniqueIdentifier>
    </Filter>
    <Filter Include="03. GameObject\GridObject\GridInfo">
      <UniqueIdentifier>{07954db5-6a1d-4db9-9746-1a179eba4dcf}</UniqueIdentifier>
    </Filter>
    <Filter Include="03. GameObject\GridObject\Obstacle">
      <UniqueIdentifier>{28ac0bf9-2a76-4b41-9caa-f0039ae7735e}</UniqueIdentifier>
    </Filter>
    <Filter Include="03. GameObject\GridObject\Obstacle\Script">
      <UniqueIdentifier>{b753ed06-3588-44f0-b5dc-3518bc1abd2d}</UniqueIdentifier>
    </Filter>
    <Filter Include="03. GameObject\Enemy">
      <UniqueIdentifier>{89053091-ecfe-433a-8e66-596055912ece}</UniqueIdentifier>
    </Filter>
    <Filter Include="03. GameObject\Mouse">
      <UniqueIdentifier>{839ef30e-208a-4e7a-a162-1ca3b78aa5d8}</UniqueIdentifier>
    </Filter>
    <Filter Include="02. Scene\Title">
      <UniqueIdentifier>{95f4cbab-350e-4880-bb7c-12289c4bdbfb}</UniqueIdentifier>
    </Filter>
    <Filter Include="02. Scene\Cut">
      <UniqueIdentifier>{723f12ae-f280-4c90-af80-5b32308385aa}</UniqueIdentifier>
    </Filter>
    <Filter Include="02. Scene\SelectStage">
      <UniqueIdentifier>{5331ef60-78aa-4c3f-99ab-5878b8aab5ff}</UniqueIdentifier>
    </Filter>
    <Filter Include="02. Scene\MainStage">
      <UniqueIdentifier>{76e35784-d337-403f-8a66-e23766c8431e}</UniqueIdentifier>
    </Filter>
    <Filter Include="03. GameObject\Player\Script\Player">
      <UniqueIdentifier>{3073aa2f-9a78-4a07-b62d-9ac6ffc4b704}</UniqueIdentifier>
    </Filter>
    <Filter Include="03. GameObject\Player\Script\MP">
      <UniqueIdentifier>{c6244185-5a42-44b7-8a46-1fd1b4c0f49b}</UniqueIdentifier>
    </Filter>
    <Filter Include="03. GameObject\Pannel">
      <UniqueIdentifier>{428abf47-2a26-4f96-a7d7-387f9721717a}</UniqueIdentifier>
    </Filter>
    <Filter Include="02. Scene\MainStage\DefaultStage">
      <UniqueIdentifier>{7cf7c6dd-a3c0-49a4-8f37-54accd767b52}</UniqueIdentifier>
    </Filter>
    <Filter Include="03. GameObject\Player\Script\CardSystem">
      <UniqueIdentifier>{60c34e6b-b878-4f79-a2ec-ed9db949831b}</UniqueIdentifier>
    </Filter>
    <Filter Include="04. Component">
      <UniqueIdentifier>{8d1fe4b8-1fa6-4ece-8455-9e28dbfaa3c2}</UniqueIdentifier>
    </Filter>
    <Filter Include="04. Component\HP">
      <UniqueIdentifier>{741f4b5e-5cb8-4dfb-8f63-1c7886f7e7ba}</UniqueIdentifier>
    </Filter>
    <Filter Include="04. Component\Effect">
      <UniqueIdentifier>{cc0553d1-5241-404d-b504-6ac55fa51f09}</UniqueIdentifier>
    </Filter>
    <Filter Include="04. Component\AdditiveState">
      <UniqueIdentifier>{51dbac23-7810-4c8b-a58e-d74d6610c999}</UniqueIdentifier>
    </Filter>
    <Filter Include="04. Component\Combat">
      <UniqueIdentifier>{671df900-10b4-467f-9aad-7eeb7f79a309}</UniqueIdentifier>
    </Filter>
    <Filter Include="05. UI">
      <UniqueIdentifier>{5bf1ce68-9318-4e60-a9f8-cc73fc45ffff}</UniqueIdentifier>
    </Filter>
    <Filter Include="05. UI\HUD">
      <UniqueIdentifier>{077f90b4-1aef-4510-b4e9-4db28b76ecd2}</UniqueIdentifier>
    </Filter>
    <Filter Include="05. UI\Interaction">
      <UniqueIdentifier>{ff40fc88-34ef-487f-99d0-172bd916b9b2}</UniqueIdentifier>
    </Filter>
    <Filter Include="05. UI\Interaction\Deck">
      <UniqueIdentifier>{bc57b9de-50da-4ddb-a97d-51b529cea515}</UniqueIdentifier>
    </Filter>
    <Filter Include="05. UI\Interaction\Button">
      <UniqueIdentifier>{e51239d8-807e-4821-9835-1df79c7887ca}</UniqueIdentifier>
    </Filter>
    <Filter Include="05. UI\ToolTip">
      <UniqueIdentifier>{e6f94e4f-680b-4a6b-abb8-61a83f672e32}</UniqueIdentifier>
    </Filter>
    <Filter Include="06. Manager">
      <UniqueIdentifier>{4d5fd3ad-e994-4a2a-a201-207d2c5a8008}</UniqueIdentifier>
    </Filter>
    <Filter Include="06. Manager\Card">
      <UniqueIdentifier>{5db05a69-6fcd-4eec-b6b0-147a1483bf6c}</UniqueIdentifier>
    </Filter>
    <Filter Include="06. Manager\Data">
      <UniqueIdentifier>{9883cd47-fcb1-49a7-83b7-e26d53786fa3}</UniqueIdentifier>
    </Filter>
    <Filter Include="03. GameObject\Player\Script\Timer">
      <UniqueIdentifier>{c9741b24-0daa-406a-9ba3-fdce58450a0f}</UniqueIdentifier>
    </Filter>
    <Filter Include="04. Component\GridEffect">
      <UniqueIdentifier>{1b4cf4bc-a016-4cf1-92ad-ba3342bb8f54}</UniqueIdentifier>
    </Filter>
    <Filter Include="03. GameObject\Enemy\Astar">
      <UniqueIdentifier>{1e7b3f16-f816-4fba-8cfe-a8d13a2b6e1e}</UniqueIdentifier>
    </Filter>
    <Filter Include="03. GameObject\Enemy\Elite">
      <UniqueIdentifier>{4f919b67-3bd4-4c21-a8e5-eba36dcc5923}</UniqueIdentifier>
    </Filter>
    <Filter Include="03. GameObject\Enemy\Range">
      <UniqueIdentifier>{a569407e-fc16-4ce6-b379-9a01dd32e252}</UniqueIdentifier>
    </Filter>
    <Filter Include="03. GameObject\Enemy\Default">
      <UniqueIdentifier>{f5d71d02-192b-47e0-a2a0-09f5117ae7ff}</UniqueIdentifier>
    </Filter>
    <Filter Include="03. GameObject\Enemy\Boss">
      <UniqueIdentifier>{b940ac90-bfcf-41c7-ace7-3cbc13c8d6fd}</UniqueIdentifier>
    </Filter>
    <Filter Include="03. GameObject\Enemy\Spawner">
      <UniqueIdentifier>{c85a5df5-b838-438a-bb2f-98f12c88616c}</UniqueIdentifier>
    </Filter>
    <Filter Include="03. GameObject\Enemy\Spawner\Script">
      <UniqueIdentifier>{d23b4420-9c81-4cfa-8301-2b523fd6fdcb}</UniqueIdentifier>
    </Filter>
    <Filter Include="03. GameObject\GridObject\Defense">
      <UniqueIdentifier>{0d844191-c1c2-4dda-a1d5-8354b0216719}</UniqueIdentifier>
    </Filter>
    <Filter Include="03. GameObject\GridObject\Defense\Script">
      <UniqueIdentifier>{c5cce575-497c-4999-8415-7c3e4e5828d8}</UniqueIdentifier>
    </Filter>
    <Filter Include="03. GameObject\Enemy\Default\Script">
      <UniqueIdentifier>{6135f0ba-dc17-4258-b0bb-a932e6b4888d}</UniqueIdentifier>
    </Filter>
    <Filter Include="03. GameObject\Card\Effect">
      <UniqueIdentifier>{9832ebe2-5086-4b3f-a72d-ceb85dcb4344}</UniqueIdentifier>
    </Filter>
    <Filter Include="03. GameObject\Enemy\Default\State">
      <UniqueIdentifier>{a24e4eba-a77d-43ff-b694-7140d76282bf}</UniqueIdentifier>
    </Filter>
    <Filter Include="03. GameObject\Enemy\Default\State\Idle">
      <UniqueIdentifier>{c1adc31f-4ac8-4c7d-87cc-db5ddfe60b27}</UniqueIdentifier>
    </Filter>
    <Filter Include="03. GameObject\Enemy\Default\State\Move">
      <UniqueIdentifier>{1f9d25e3-5be3-4d92-83d6-580dcef1c6ed}</UniqueIdentifier>
    </Filter>
    <Filter Include="03. GameObject\Enemy\Default\State\WeakAttack">
      <UniqueIdentifier>{bc4ef85e-b4dd-4105-91da-0ee0c871c432}</UniqueIdentifier>
    </Filter>
    <Filter Include="03. GameObject\Player\Script\JobQueue">
      <UniqueIdentifier>{8187b8ff-4aa2-446f-a051-c016f3d70b15}</UniqueIdentifier>
    </Filter>
    <Filter Include="03. GameObject\Enemy\Default\State\StrongAttack">
      <UniqueIdentifier>{03064725-2e61-4016-9cc3-0dd9871c204a}</UniqueIdentifier>
    </Filter>
    <Filter Include="03. GameObject\Enemy\Range\Script">
      <UniqueIdentifier>{323c4b35-5961-4269-89c0-07ad0b1ba11e}</UniqueIdentifier>
    </Filter>
    <Filter Include="03. GameObject\Enemy\Range\State">
      <UniqueIdentifier>{503c1a45-a9e2-4adb-9eb8-a94d3a4b52af}</UniqueIdentifier>
    </Filter>
    <Filter Include="03. GameObject\Enemy\Range\State\Idle">
      <UniqueIdentifier>{d10966e7-3302-4455-8f86-64352c16b0b0}</UniqueIdentifier>
    </Filter>
    <Filter Include="03. GameObject\Enemy\Range\State\ForwardMove">
      <UniqueIdentifier>{44bf68d2-2d41-4f5d-a563-3a7929e53397}</UniqueIdentifier>
    </Filter>
    <Filter Include="03. GameObject\Enemy\Range\State\BackMove">
      <UniqueIdentifier>{6b59e1b9-af87-47f7-96af-d9ad6e427e7e}</UniqueIdentifier>
    </Filter>
    <Filter Include="03. GameObject\Enemy\Range\State\Attack">
      <UniqueIdentifier>{4744d4a2-5198-4782-a815-ba0ed8ee00c6}</UniqueIdentifier>
    </Filter>
    <Filter Include="03. GameObject\Enemy\Range\State\Support">
      <UniqueIdentifier>{fbb18857-d7c6-4fc9-a611-a8af0f519fc9}</UniqueIdentifier>
    </Filter>
    <Filter Include="04. Component\AttackCollider">
      <UniqueIdentifier>{5aa9d85a-4476-430b-b7b9-550deee61153}</UniqueIdentifier>
    </Filter>
  </ItemGroup>
  <ItemGroup>
    <ClInclude Include="..\Headers\MainGame.h">
      <Filter>01. MainGame</Filter>
    </ClInclude>
    <ClInclude Include="..\Headers\Client_Define.h">
      <Filter>99. Headers</Filter>
    </ClInclude>
    <ClInclude Include="..\Headers\Client_Enum.h">
      <Filter>99. Headers</Filter>
    </ClInclude>
    <ClInclude Include="..\Headers\Client_Function.h">
      <Filter>99. Headers</Filter>
    </ClInclude>
    <ClInclude Include="..\Headers\TestScene.h">
      <Filter>02. Scene</Filter>
    </ClInclude>
    <ClInclude Include="..\Headers\Zero.h">
      <Filter>03. GameObject\Player</Filter>
    </ClInclude>
    <ClInclude Include="..\Headers\Grid.h">
      <Filter>03. GameObject\GridObject\Grid</Filter>
    </ClInclude>
    <ClInclude Include="..\Headers\Tile.h">
      <Filter>03. GameObject\GridObject\Tile</Filter>
    </ClInclude>
    <ClInclude Include="..\Headers\Map.h">
      <Filter>03. GameObject\GridObject\Map</Filter>
    </ClInclude>
    <ClInclude Include="..\Headers\Card.h">
      <Filter>03. GameObject\Card</Filter>
    </ClInclude>
    <ClInclude Include="..\Headers\GridMovement.h">
      <Filter>03. GameObject\GridMovement</Filter>
    </ClInclude>
    <ClInclude Include="..\Headers\GridInfo.h">
      <Filter>03. GameObject\GridObject\GridInfo</Filter>
    </ClInclude>
    <ClInclude Include="..\Headers\Obstacle.h">
      <Filter>03. GameObject\GridObject\Obstacle</Filter>
    </ClInclude>
    <ClInclude Include="..\Headers\ObstacleScript.h">
      <Filter>03. GameObject\GridObject\Obstacle\Script</Filter>
    </ClInclude>
    <ClInclude Include="..\Headers\CardManager.h">
      <Filter>06. Manager\Card</Filter>
    </ClInclude>
    <ClInclude Include="..\Headers\DataManager.h">
      <Filter>06. Manager\Data</Filter>
    </ClInclude>
    <ClInclude Include="..\Headers\Mouse.h">
      <Filter>03. GameObject\Mouse</Filter>
    </ClInclude>
    <ClInclude Include="..\Headers\DeckSystem.h">
      <Filter>05. UI\Interaction\Deck</Filter>
    </ClInclude>
    <ClInclude Include="..\Headers\UIComponent.h">
      <Filter>05. UI</Filter>
    </ClInclude>
    <ClInclude Include="..\Headers\Player.h">
      <Filter>03. GameObject\Player\Script\Player</Filter>
    </ClInclude>
    <ClInclude Include="..\Headers\PlayerMP.h">
      <Filter>03. GameObject\Player\Script\MP</Filter>
    </ClInclude>
    <ClInclude Include="..\Headers\Button.h">
      <Filter>03. GameObject\UIObject\Button</Filter>
    </ClInclude>
    <ClInclude Include="..\Headers\TimerSystem.h">
      <Filter>03. GameObject\Player\Script\Timer</Filter>
    </ClInclude>
    <ClInclude Include="..\Headers\Enemy.h">
      <Filter>03. GameObject\Enemy</Filter>
    </ClInclude>
    <ClInclude Include="..\Headers\Stage2Scene.h">
      <Filter>02. Scene\MainStage</Filter>
    </ClInclude>
    <ClInclude Include="..\Headers\Stage3Scene.h">
      <Filter>02. Scene\MainStage</Filter>
    </ClInclude>
    <ClInclude Include="..\Headers\Stage4Scene.h">
      <Filter>02. Scene\MainStage</Filter>
    </ClInclude>
    <ClInclude Include="..\Headers\Stage1Scene.h">
      <Filter>02. Scene\MainStage</Filter>
    </ClInclude>
    <ClInclude Include="..\Headers\CutScene.h">
      <Filter>02. Scene\Cut</Filter>
    </ClInclude>
    <ClInclude Include="..\Headers\SelectScene.h">
      <Filter>02. Scene\SelectStage</Filter>
    </ClInclude>
    <ClInclude Include="..\Headers\TitleScene.h">
      <Filter>02. Scene\Title</Filter>
    </ClInclude>
    <ClInclude Include="..\Headers\HPHUD.h">
      <Filter>05. UI\HUD</Filter>
    </ClInclude>
    <ClInclude Include="..\Headers\SelectButtons.h">
      <Filter>05. UI\Interaction\Button</Filter>
    </ClInclude>
    <ClInclude Include="..\Headers\TitleButtons.h">
      <Filter>05. UI\Interaction\Button</Filter>
    </ClInclude>
    <ClInclude Include="..\Headers\CreditHUD.h">
      <Filter>05. UI\HUD</Filter>
    </ClInclude>
    <ClInclude Include="..\Headers\InfoHUD.h">
      <Filter>05. UI\HUD</Filter>
    </ClInclude>
    <ClInclude Include="..\Headers\Pannel.h">
      <Filter>03. GameObject\Pannel</Filter>
    </ClInclude>
    <ClInclude Include="..\Headers\DefaultStageScene.h">
      <Filter>02. Scene\MainStage\DefaultStage</Filter>
    </ClInclude>
    <ClInclude Include="..\Headers\TimerHUD.h">
      <Filter>05. UI\HUD</Filter>
    </ClInclude>
    <ClInclude Include="..\Headers\HP.h">
      <Filter>04. Component\HP</Filter>
    </ClInclude>
    <ClInclude Include="..\Headers\GameOverHUD.h">
      <Filter>05. UI\HUD</Filter>
    </ClInclude>
    <ClInclude Include="..\Headers\GameClearHUD.h">
      <Filter>05. UI\HUD</Filter>
    </ClInclude>
    <ClInclude Include="..\Headers\GameClearButtons.h">
      <Filter>05. UI\Interaction\Button</Filter>
    </ClInclude>
    <ClInclude Include="..\Headers\GameOverButtons.h">
      <Filter>05. UI\Interaction\Button</Filter>
    </ClInclude>
    <ClInclude Include="..\Headers\UI.h">
      <Filter>05. UI</Filter>
    </ClInclude>
    <ClInclude Include="..\Headers\Effect.h">
      <Filter>04. Component\Effect</Filter>
    </ClInclude>
    <ClInclude Include="..\Headers\Fade.h">
      <Filter>04. Component\Effect</Filter>
    </ClInclude>
    <ClInclude Include="..\Headers\AdditiveState.h">
      <Filter>04. Component\AdditiveState</Filter>
    </ClInclude>
    <ClInclude Include="..\Headers\CardSystem.h">
      <Filter>03. GameObject\Player\Script\CardSystem</Filter>
    </ClInclude>
    <ClInclude Include="..\Headers\ToolTip.h">
      <Filter>05. UI\ToolTip</Filter>
    </ClInclude>
    <ClInclude Include="..\Headers\CombatEvent.h">
      <Filter>04. Component\Combat</Filter>
    </ClInclude>
    <ClInclude Include="..\Headers\Defense.h">
      <Filter>03. GameObject\GridObject\Defense</Filter>
    </ClInclude>
    <ClInclude Include="..\Headers\DefenseScript.h">
      <Filter>03. GameObject\GridObject\Defense\Script</Filter>
    </ClInclude>
    <ClInclude Include="..\Headers\GageHUD.h">
      <Filter>05. UI\HUD</Filter>
    </ClInclude>
    <ClInclude Include="..\Headers\CardEffect.h">
      <Filter>03. GameObject\Card\Effect</Filter>
    </ClInclude>
    <ClInclude Include="..\Headers\GridEffect.h">
      <Filter>04. Component\GridEffect</Filter>
    </ClInclude>
    <ClInclude Include="..\Headers\Astar.h">
      <Filter>03. GameObject\Enemy\Astar</Filter>
    </ClInclude>
    <ClInclude Include="..\Headers\TestEnemy.h">
      <Filter>03. GameObject\Enemy</Filter>
    </ClInclude>
    <ClInclude Include="..\Headers\EnemySpawner.h">
      <Filter>03. GameObject\Enemy\Spawner</Filter>
    </ClInclude>
    <ClInclude Include="..\Headers\SpawnEnemy.h">
      <Filter>03. GameObject\Enemy\Spawner\Script</Filter>
    </ClInclude>
    <ClInclude Include="..\Headers\DefaultEnemy.h">
      <Filter>03. GameObject\Enemy\Default</Filter>
    </ClInclude>
    <ClInclude Include="..\Headers\TopHUD.h">
      <Filter>05. UI\HUD</Filter>
    </ClInclude>
    <ClInclude Include="..\Headers\MPHUD.h">
      <Filter>05. UI\HUD</Filter>
    </ClInclude>
    <ClInclude Include="..\Headers\DefaultEnemyScript.h">
      <Filter>03. GameObject\Enemy\Default\Script</Filter>
    </ClInclude>
    <ClInclude Include="..\Headers\DefaultEnemyInfomation.h">
      <Filter>03. GameObject\Enemy\Default</Filter>
    </ClInclude>
    <ClInclude Include="..\Headers\DefaultEnemyState.h">
      <Filter>03. GameObject\Enemy\Default\State</Filter>
    </ClInclude>
    <ClInclude Include="..\Headers\DefaultEnemyIdle.h">
      <Filter>03. GameObject\Enemy\Default\State\Idle</Filter>
    </ClInclude>
    <ClInclude Include="..\Headers\DefaultEnemyMove.h">
      <Filter>03. GameObject\Enemy\Default\State\Move</Filter>
    </ClInclude>
    <ClInclude Include="..\Headers\DefaultEnemyWeakAttack.h">
      <Filter>03. GameObject\Enemy\Default\State\WeakAttack</Filter>
    </ClInclude>
    <ClInclude Include="..\Headers\JobQueue.h">
      <Filter>03. GameObject\Player\Script\JobQueue</Filter>
    </ClInclude>
    <ClInclude Include="..\Headers\DefaultEnemyStrongAttack.h">
      <Filter>03. GameObject\Enemy\Default\State\StrongAttack</Filter>
    </ClInclude>
    <ClInclude Include="..\Headers\RangeEnemyIdle.h">
      <Filter>03. GameObject\Enemy\Range\State\Idle</Filter>
    </ClInclude>
    <ClInclude Include="..\Headers\RangeEnemyForwardMove.h">
      <Filter>03. GameObject\Enemy\Range\State\ForwardMove</Filter>
    </ClInclude>
    <ClInclude Include="..\Headers\RangeEnemyBackMove.h">
      <Filter>03. GameObject\Enemy\Range\State\BackMove</Filter>
    </ClInclude>
    <ClInclude Include="..\Headers\RangeEnemyAttack.h">
      <Filter>03. GameObject\Enemy\Range\State\Attack</Filter>
    </ClInclude>
    <ClInclude Include="..\Headers\RangeEnemySupport.h">
      <Filter>03. GameObject\Enemy\Range\State\Support</Filter>
    </ClInclude>
    <ClInclude Include="..\Headers\RangeEnemyScript.h">
      <Filter>03. GameObject\Enemy\Range\Script</Filter>
    </ClInclude>
    <ClInclude Include="..\Headers\RangeEnemy.h">
      <Filter>03. GameObject\Enemy\Range</Filter>
    </ClInclude>
    <ClInclude Include="..\Headers\RangeEnemyInformation.h">
      <Filter>03. GameObject\Enemy\Range</Filter>
    </ClInclude>
    <ClInclude Include="..\Headers\RangeEnemyState.h">
      <Filter>03. GameObject\Enemy\Range\State</Filter>
    </ClInclude>
    <ClInclude Include="..\Headers\AttackCollider.h">
      <Filter>04. Component\AttackCollider</Filter>
    </ClInclude>
  </ItemGroup>
</Project>