<?xml version="1.0" encoding="utf-8"?>
<Project ToolsVersion="4.0" xmlns="http://schemas.microsoft.com/developer/msbuild/2003">
  <ItemGroup>
    <ClCompile Include="main.cpp" />
    <ClCompile Include="..\Codes\MainGame.cpp">
      <Filter>01. MainGame</Filter>
    </ClCompile>
    <ClCompile Include="..\Codes\TestScene.cpp">
      <Filter>02. Scene</Filter>
    </ClCompile>
    <ClCompile Include="..\Codes\TestPlayer.cpp">
      <Filter>03. GameObject\Player</Filter>
    </ClCompile>
    <ClCompile Include="..\Codes\Player.cpp">
      <Filter>03. GameObject\Player\Script</Filter>
    </ClCompile>
    <ClCompile Include="..\Codes\Grid.cpp">
      <Filter>03. GameObject\GridObject\Grid</Filter>
    </ClCompile>
    <ClCompile Include="..\Codes\Tile.cpp">
      <Filter>03. GameObject\GridObject\Tile</Filter>
    </ClCompile>
    <ClCompile Include="..\Codes\Map.cpp">
      <Filter>03. GameObject\GridObject\Map</Filter>
    </ClCompile>
    <ClCompile Include="..\Codes\UI.cpp">
      <Filter>06. UI</Filter>
    </ClCompile>
    <ClCompile Include="..\Codes\Canvas.cpp">
      <Filter>06. UI</Filter>
    </ClCompile>
    <ClCompile Include="..\Codes\MainHUD.cpp">
      <Filter>06. UI\HUD</Filter>
    </ClCompile>
    <ClCompile Include="..\Codes\Card.cpp">
      <Filter>03. GameObject\Card</Filter>
    </ClCompile>
    <ClCompile Include="..\Codes\CardSystem.cpp">
      <Filter>04. System</Filter>
    </ClCompile>
    <ClCompile Include="..\Codes\TimerSystem.cpp">
      <Filter>04. System</Filter>
    </ClCompile>
    <ClCompile Include="..\Codes\TimerUI.cpp">
      <Filter>03. GameObject\UIObject\Timer</Filter>
    </ClCompile>
  </ItemGroup>
  <ItemGroup>
    <Filter Include="01. MainGame">
      <UniqueIdentifier>{c540cb03-00f7-420e-83ec-ca6c40748dfb}</UniqueIdentifier>
    </Filter>
    <Filter Include="99. Headers">
      <UniqueIdentifier>{c7a68a95-2013-4228-8b55-099f8362aee9}</UniqueIdentifier>
    </Filter>
    <Filter Include="02. Scene">
      <UniqueIdentifier>{2d66ce49-3944-485e-b294-9faa8c293780}</UniqueIdentifier>
    </Filter>
    <Filter Include="03. GameObject">
      <UniqueIdentifier>{02ed2ac6-d1c6-4f27-a3c5-91c4d8ec03f0}</UniqueIdentifier>
    </Filter>
    <Filter Include="03. GameObject\Player">
      <UniqueIdentifier>{026210b6-8397-4b75-9a10-b9c3628a932a}</UniqueIdentifier>
    </Filter>
    <Filter Include="03. GameObject\Player\Script">
      <UniqueIdentifier>{51d621c7-0648-42e3-b7cf-53eaa1222e74}</UniqueIdentifier>
    </Filter>
    <Filter Include="03. GameObject\GridObject">
      <UniqueIdentifier>{6f005d45-7c21-4a38-8b6a-e82054bbb8ff}</UniqueIdentifier>
    </Filter>
    <Filter Include="03. GameObject\GridObject\Grid">
      <UniqueIdentifier>{3593870c-7ced-4b07-9e64-8c04a4506453}</UniqueIdentifier>
    </Filter>
    <Filter Include="03. GameObject\GridObject\Tile">
      <UniqueIdentifier>{409166b9-bc05-47e6-bc7f-3df619ac18e8}</UniqueIdentifier>
    </Filter>
    <Filter Include="03. GameObject\GridObject\Map">
      <UniqueIdentifier>{2b9cd7f9-af6a-4c99-9646-fbd3cb0d5e52}</UniqueIdentifier>
    </Filter>
    <Filter Include="06. UI">
      <UniqueIdentifier>{5bf1ce68-9318-4e60-a9f8-cc73fc45ffff}</UniqueIdentifier>
    </Filter>
    <Filter Include="03. GameObject\Card">
      <UniqueIdentifier>{b299a1c5-bc2b-4d49-a1d0-707d09b087b6}</UniqueIdentifier>
    </Filter>
    <Filter Include="04. System">
      <UniqueIdentifier>{4d5fd3ad-e994-4a2a-a201-207d2c5a8008}</UniqueIdentifier>
    </Filter>
    <Filter Include="06. UI\HUD">
      <UniqueIdentifier>{077f90b4-1aef-4510-b4e9-4db28b76ecd2}</UniqueIdentifier>
    </Filter>
    <Filter Include="03. GameObject\UIObject">
      <UniqueIdentifier>{e51e9a94-3c56-465c-9e57-ad0415818ac3}</UniqueIdentifier>
    </Filter>
    <Filter Include="03. GameObject\UIObject\Timer">
      <UniqueIdentifier>{c9741b24-0daa-406a-9ba3-fdce58450a0f}</UniqueIdentifier>
    </Filter>
  </ItemGroup>
  <ItemGroup>
    <ClInclude Include="..\Headers\MainGame.h">
      <Filter>01. MainGame</Filter>
    </ClInclude>
    <ClInclude Include="..\Headers\Client_Define.h">
      <Filter>99. Headers</Filter>
    </ClInclude>
    <ClInclude Include="..\Headers\Client_Enum.h">
      <Filter>99. Headers</Filter>
    </ClInclude>
    <ClInclude Include="..\Headers\Client_Function.h">
      <Filter>99. Headers</Filter>
    </ClInclude>
    <ClInclude Include="..\Headers\TestScene.h">
      <Filter>02. Scene</Filter>
    </ClInclude>
    <ClInclude Include="..\Headers\TestPlayer.h">
      <Filter>03. GameObject\Player</Filter>
    </ClInclude>
    <ClInclude Include="..\Headers\Player.h">
      <Filter>03. GameObject\Player\Script</Filter>
    </ClInclude>
    <ClInclude Include="..\Headers\Grid.h">
      <Filter>03. GameObject\GridObject\Grid</Filter>
    </ClInclude>
    <ClInclude Include="..\Headers\Tile.h">
      <Filter>03. GameObject\GridObject\Tile</Filter>
    </ClInclude>
    <ClInclude Include="..\Headers\Map.h">
      <Filter>03. GameObject\GridObject\Map</Filter>
    </ClInclude>
    <ClInclude Include="..\Codes\Canvas.h">
      <Filter>06. UI</Filter>
    </ClInclude>
    <ClInclude Include="..\Codes\UI.h">
      <Filter>06. UI</Filter>
    </ClInclude>
    <ClInclude Include="..\Codes\MainHUD.h">
      <Filter>06. UI\HUD</Filter>
    </ClInclude>
    <ClInclude Include="..\Headers\Card.h">
      <Filter>03. GameObject\Card</Filter>
    </ClInclude>
    <ClInclude Include="..\Headers\CardSystem.h">
      <Filter>04. System</Filter>
    </ClInclude>
    <ClInclude Include="..\Codes\TimerSystem.h">
      <Filter>04. System</Filter>
    </ClInclude>
    <ClInclude Include="..\Codes\TimerUI.h">
      <Filter>03. GameObject\UIObject\Timer</Filter>
    </ClInclude>
  </ItemGroup>
</Project>